
Microsoft Visual Studio Solution File, Format Version 12.00
# Visual Studio Version 16
VisualStudioVersion = 16.0.31911.196
MinimumVisualStudioVersion = 10.0.40219.1
Project("{FAE04EC0-301F-11D3-BF4B-00C04F79EFBC}") = "UI", "UI\UI.csproj", "{A2C58FBD-CECD-4C5F-B1D7-07190249045C}"
EndProject
Project("{FAE04EC0-301F-11D3-BF4B-00C04F79EFBC}") = "BLL", "BLL\BLL.csproj", "{CFA6315B-1B09-494B-B892-4BDF6EB6D311}"
EndProject
Project("{FAE04EC0-301F-11D3-BF4B-00C04F79EFBC}") = "Models", "Models\Models.csproj", "{4AE0EFB1-5BF7-44D8-A886-1BEF9866DBF5}"
EndProject
Project("{FAE04EC0-301F-11D3-BF4B-00C04F79EFBC}") = "DAL", "DAL\DAL.csproj", "{AFACD24D-777D-499E-8A0D-EF374C992092}"
EndProject
Global
	GlobalSection(SolutionConfigurationPlatforms) = preSolution
		Debug|Any CPU = Debug|Any CPU
		Release|Any CPU = Release|Any CPU
	EndGlobalSection
	GlobalSection(ProjectConfigurationPlatforms) = postSolution
		{A2C58FBD-CECD-4C5F-B1D7-07190249045C}.Debug|Any CPU.ActiveCfg = Debug|Any CPU
		{A2C58FBD-CECD-4C5F-B1D7-07190249045C}.Debug|Any CPU.Build.0 = Debug|Any CPU
		{A2C58FBD-CECD-4C5F-B1D7-07190249045C}.Release|Any CPU.ActiveCfg = Release|Any CPU
		{A2C58FBD-CECD-4C5F-B1D7-07190249045C}.Release|Any CPU.Build.0 = Release|Any CPU
		{CFA6315B-1B09-494B-B892-4BDF6EB6D311}.Debug|Any CPU.ActiveCfg = Debug|Any CPU
		{CFA6315B-1B09-494B-B892-4BDF6EB6D311}.Debug|Any CPU.Build.0 = Debug|Any CPU
		{CFA6315B-1B09-494B-B892-4BDF6EB6D311}.Release|Any CPU.ActiveCfg = Release|Any CPU
		{CFA6315B-1B09-494B-B892-4BDF6EB6D311}.Release|Any CPU.Build.0 = Release|Any CPU
		{4AE0EFB1-5BF7-44D8-A886-1BEF9866DBF5}.Debug|Any CPU.ActiveCfg = Debug|Any CPU
		{4AE0EFB1-5BF7-44D8-A886-1BEF9866DBF5}.Debug|Any CPU.Build.0 = Debug|Any CPU
		{4AE0EFB1-5BF7-44D8-A886-1BEF9866DBF5}.Release|Any CPU.ActiveCfg = Release|Any CPU
		{4AE0EFB1-5BF7-44D8-A886-1BEF9866DBF5}.Release|Any CPU.Build.0 = Release|Any CPU
		{AFACD24D-777D-499E-8A0D-EF374C992092}.Debug|Any CPU.ActiveCfg = Debug|Any CPU
		{AFACD24D-777D-499E-8A0D-EF374C992092}.Debug|Any CPU.Build.0 = Debug|Any CPU
		{AFACD24D-777D-499E-8A0D-EF374C992092}.Release|Any CPU.ActiveCfg = Release|Any CPU
		{AFACD24D-777D-499E-8A0D-EF374C992092}.Release|Any CPU.Build.0 = Release|Any CPU
	EndGlobalSection
	GlobalSection(SolutionProperties) = preSolution
		HideSolutionNode = FALSE
	EndGlobalSection
	GlobalSection(ExtensibilityGlobals) = postSolution
		SolutionGuid = {DD2B4F00-3A3E-48CD-8EE5-4570B9A16BE0}
	EndGlobalSection
EndGlobal
